
Microsoft Visual Studio Solution File, Format Version 12.00
# Visual Studio Version 16
VisualStudioVersion = 16.0.30503.244
MinimumVisualStudioVersion = 10.0.40219.1
Project("{FAE04EC0-301F-11D3-BF4B-00C04F79EFBC}") = "LongestSubstring", "LongestSubstring\LongestSubstring.csproj", "{602148EF-1E0F-4010-A20E-AD7ED6B2978C}"
EndProject
Project("{FAE04EC0-301F-11D3-BF4B-00C04F79EFBC}") = "UntTest", "UntTest\UntTest.csproj", "{459D7520-71C0-4C61-8130-17915952A2D9}"
EndProject
Global
	GlobalSection(SolutionConfigurationPlatforms) = preSolution
		Debug|Any CPU = Debug|Any CPU
		Release|Any CPU = Release|Any CPU
	EndGlobalSection
	GlobalSection(ProjectConfigurationPlatforms) = postSolution
		{602148EF-1E0F-4010-A20E-AD7ED6B2978C}.Debug|Any CPU.ActiveCfg = Debug|Any CPU
		{602148EF-1E0F-4010-A20E-AD7ED6B2978C}.Debug|Any CPU.Build.0 = Debug|Any CPU
		{602148EF-1E0F-4010-A20E-AD7ED6B2978C}.Release|Any CPU.ActiveCfg = Release|Any CPU
		{602148EF-1E0F-4010-A20E-AD7ED6B2978C}.Release|Any CPU.Build.0 = Release|Any CPU
		{459D7520-71C0-4C61-8130-17915952A2D9}.Debug|Any CPU.ActiveCfg = Debug|Any CPU
		{459D7520-71C0-4C61-8130-17915952A2D9}.Debug|Any CPU.Build.0 = Debug|Any CPU
		{459D7520-71C0-4C61-8130-17915952A2D9}.Release|Any CPU.ActiveCfg = Release|Any CPU
		{459D7520-71C0-4C61-8130-17915952A2D9}.Release|Any CPU.Build.0 = Release|Any CPU
	EndGlobalSection
	GlobalSection(SolutionProperties) = preSolution
		HideSolutionNode = FALSE
	EndGlobalSection
	GlobalSection(ExtensibilityGlobals) = postSolution
		SolutionGuid = {E27047C5-CDA8-4BC1-B48E-A4A787E00F04}
	EndGlobalSection
EndGlobal
